
Microsoft Visual Studio Solution File, Format Version 12.00
# Visual Studio Version 17
VisualStudioVersion = 17.14.36915.13
MinimumVisualStudioVersion = 10.0.40219.1
Project("{FAE04EC0-301F-11D3-BF4B-00C04F79EFBC}") = "ProgPoePart_3 final", "ProgPoePart_2\ProgPoePart_3 final.csproj", "{CBA7C454-640D-4DE2-980B-91AFDC47D477}"
EndProject
Global
	GlobalSection(SolutionConfigurationPlatforms) = preSolution
		Debug|Any CPU = Debug|Any CPU
		Release|Any CPU = Release|Any CPU
	EndGlobalSection
	GlobalSection(ProjectConfigurationPlatforms) = postSolution
		{CBA7C454-640D-4DE2-980B-91AFDC47D477}.Debug|Any CPU.ActiveCfg = Debug|Any CPU
		{CBA7C454-640D-4DE2-980B-91AFDC47D477}.Debug|Any CPU.Build.0 = Debug|Any CPU
		{CBA7C454-640D-4DE2-980B-91AFDC47D477}.Release|Any CPU.ActiveCfg = Release|Any CPU
		{CBA7C454-640D-4DE2-980B-91AFDC47D477}.Release|Any CPU.Build.0 = Release|Any CPU
	EndGlobalSection
	GlobalSection(SolutionProperties) = preSolution
		HideSolutionNode = FALSE
	EndGlobalSection
	GlobalSection(ExtensibilityGlobals) = postSolution
		SolutionGuid = {5EE93EB6-2D76-4821-9872-7BA2AE2FB82D}
	EndGlobalSection
EndGlobal
